
Microsoft Visual Studio Solution File, Format Version 12.00
# Visual Studio Version 17
VisualStudioVersion = 17.5.33424.131
MinimumVisualStudioVersion = 10.0.40219.1
Project("{9A19103F-16F7-4668-BE54-9A1E7A4F7556}") = "BlogDataLibrary", "BlogDataLibrary\BlogDataLibrary.csproj", "{230D4CB7-09FE-4CED-ACD7-4FFA13E01BE3}"
EndProject
Project("{00D1A9C2-B5F0-4AF3-8072-F6C62B433612}") = "AlvarezBlogDB", "AlvarezBlogDB\AlvarezBlogDB.sqlproj", "{10CF5B6B-E6D9-4570-B397-9CE9C5EF1F08}"
EndProject
Project("{9A19103F-16F7-4668-BE54-9A1E7A4F7556}") = "BlogTestUI", "BlogTestUI\BlogTestUI.csproj", "{8B6A400C-7C17-4745-94C0-20BC8D72851D}"
EndProject
Project("{FAE04EC0-301F-11D3-BF4B-00C04F79EFBC}") = "BlogAPI", "BlogAPI\BlogAPI.csproj", "{C003A16E-CFE2-4BAC-87F6-E026DB112FE1}"
EndProject
Global
	GlobalSection(SolutionConfigurationPlatforms) = preSolution
		Debug|Any CPU = Debug|Any CPU
		Release|Any CPU = Release|Any CPU
	EndGlobalSection
	GlobalSection(ProjectConfigurationPlatforms) = postSolution
		{230D4CB7-09FE-4CED-ACD7-4FFA13E01BE3}.Debug|Any CPU.ActiveCfg = Debug|Any CPU
		{230D4CB7-09FE-4CED-ACD7-4FFA13E01BE3}.Debug|Any CPU.Build.0 = Debug|Any CPU
		{230D4CB7-09FE-4CED-ACD7-4FFA13E01BE3}.Release|Any CPU.ActiveCfg = Release|Any CPU
		{230D4CB7-09FE-4CED-ACD7-4FFA13E01BE3}.Release|Any CPU.Build.0 = Release|Any CPU
		{10CF5B6B-E6D9-4570-B397-9CE9C5EF1F08}.Debug|Any CPU.ActiveCfg = Debug|Any CPU
		{10CF5B6B-E6D9-4570-B397-9CE9C5EF1F08}.Debug|Any CPU.Build.0 = Debug|Any CPU
		{10CF5B6B-E6D9-4570-B397-9CE9C5EF1F08}.Debug|Any CPU.Deploy.0 = Debug|Any CPU
		{10CF5B6B-E6D9-4570-B397-9CE9C5EF1F08}.Release|Any CPU.ActiveCfg = Release|Any CPU
		{10CF5B6B-E6D9-4570-B397-9CE9C5EF1F08}.Release|Any CPU.Build.0 = Release|Any CPU
		{10CF5B6B-E6D9-4570-B397-9CE9C5EF1F08}.Release|Any CPU.Deploy.0 = Release|Any CPU
		{8B6A400C-7C17-4745-94C0-20BC8D72851D}.Debug|Any CPU.ActiveCfg = Debug|Any CPU
		{8B6A400C-7C17-4745-94C0-20BC8D72851D}.Debug|Any CPU.Build.0 = Debug|Any CPU
		{8B6A400C-7C17-4745-94C0-20BC8D72851D}.Release|Any CPU.ActiveCfg = Release|Any CPU
		{8B6A400C-7C17-4745-94C0-20BC8D72851D}.Release|Any CPU.Build.0 = Release|Any CPU
		{C003A16E-CFE2-4BAC-87F6-E026DB112FE1}.Debug|Any CPU.ActiveCfg = Debug|Any CPU
		{C003A16E-CFE2-4BAC-87F6-E026DB112FE1}.Debug|Any CPU.Build.0 = Debug|Any CPU
		{C003A16E-CFE2-4BAC-87F6-E026DB112FE1}.Release|Any CPU.ActiveCfg = Release|Any CPU
		{C003A16E-CFE2-4BAC-87F6-E026DB112FE1}.Release|Any CPU.Build.0 = Release|Any CPU
	EndGlobalSection
	GlobalSection(SolutionProperties) = preSolution
		HideSolutionNode = FALSE
	EndGlobalSection
	GlobalSection(ExtensibilityGlobals) = postSolution
		SolutionGuid = {233EB52C-7BC8-43C5-974B-38C9570361F0}
	EndGlobalSection
EndGlobal
